// !$*UTF8*$!
{
	archiveVersion = 1;
	classes = {
	};
	objectVersion = 46;
	objects = {

/* Begin PBXBuildFile section */
		3C5C2C0C1C06AAE700DD1828 /* AppDelegate.swift in Sources */ = {isa = PBXBuildFile; fileRef = 3C5C2C0B1C06AAE700DD1828 /* AppDelegate.swift */; };
		3C5C2C0E1C06AAE700DD1828 /* ViewController.swift in Sources */ = {isa = PBXBuildFile; fileRef = 3C5C2C0D1C06AAE700DD1828 /* ViewController.swift */; };
		3C5C2C131C06AAE700DD1828 /* Assets.xcassets in Resources */ = {isa = PBXBuildFile; fileRef = 3C5C2C121C06AAE700DD1828 /* Assets.xcassets */; };
		3C5C2C161C06AAE700DD1828 /* LaunchScreen.storyboard in Resources */ = {isa = PBXBuildFile; fileRef = 3C5C2C141C06AAE700DD1828 /* LaunchScreen.storyboard */; };
		3C5C2C1F1C06AE2300DD1828 /* CoolNavi.swift in Sources */ = {isa = PBXBuildFile; fileRef = 3C5C2C1E1C06AE2300DD1828 /* CoolNavi.swift */; };
		D8A3180CD0642D404B6A95EB /* Pods_CoolNaviDemo_Swift.framework in Frameworks */ = {isa = PBXBuildFile; fileRef = A530131B1011EF2C1EE0022D /* Pods_CoolNaviDemo_Swift.framework */; };
/* End PBXBuildFile section */

/* Begin PBXFileReference section */
		3C5C2C081C06AAE700DD1828 /* CoolNaviDemo_Swift.app */ = {isa = PBXFileReference; explicitFileType = wrapper.application; includeInIndex = 0; path = CoolNaviDemo_Swift.app; sourceTree = BUILT_PRODUCTS_DIR; };
		3C5C2C0B1C06AAE700DD1828 /* AppDelegate.swift */ = {isa = PBXFileReference; lastKnownFileType = sourcecode.swift; path = AppDelegate.swift; sourceTree = "<group>"; };
		3C5C2C0D1C06AAE700DD1828 /* ViewController.swift */ = {isa = PBXFileReference; lastKnownFileType = sourcecode.swift; path = ViewController.swift; sourceTree = "<group>"; };
		3C5C2C121C06AAE700DD1828 /* Assets.xcassets */ = {isa = PBXFileReference; lastKnownFileType = folder.assetcatalog; path = Assets.xcassets; sourceTree = "<group>"; };
		3C5C2C151C06AAE700DD1828 /* Base */ = {isa = PBXFileReference; lastKnownFileType = file.storyboard; name = Base; path = Base.lproj/LaunchScreen.storyboard; sourceTree = "<group>"; };
		3C5C2C171C06AAE700DD1828 /* Info.plist */ = {isa = PBXFileReference; lastKnownFileType = text.plist.xml; path = Info.plist; sourceTree = "<group>"; };
		3C5C2C1E1C06AE2300DD1828 /* CoolNavi.swift */ = {isa = PBXFileReference; fileEncoding = 4; lastKnownFileType = sourcecode.swift; path = CoolNavi.swift; sourceTree = "<group>"; };
		A530131B1011EF2C1EE0022D /* Pods_CoolNaviDemo_Swift.framework */ = {isa = PBXFileReference; explicitFileType = wrapper.framework; includeInIndex = 0; path = Pods_CoolNaviDemo_Swift.framework; sourceTree = BUILT_PRODUCTS_DIR; };
		CBCACD7088FC35423D753DD2 /* Pods-CoolNaviDemo_Swift.release.xcconfig */ = {isa = PBXFileReference; includeInIndex = 1; lastKnownFileType = text.xcconfig; name = "Pods-CoolNaviDemo_Swift.release.xcconfig"; path = "Pods/Target Support Files/Pods-CoolNaviDemo_Swift/Pods-CoolNaviDemo_Swift.release.xcconfig"; sourceTree = "<group>"; };
		F15733F744387E0EC048FA09 /* Pods-CoolNaviDemo_Swift.debug.xcconfig */ = {isa = PBXFileReference; includeInIndex = 1; lastKnownFileType = text.xcconfig; name = "Pods-CoolNaviDemo_Swift.debug.xcconfig"; path = "Pods/Target Support Files/Pods-CoolNaviDemo_Swift/Pods-CoolNaviDemo_Swift.debug.xcconfig"; sourceTree = "<group>"; };
/* End PBXFileReference section */

/* Begin PBXFrameworksBuildPhase section */
		3C5C2C051C06AAE700DD1828 /* Frameworks */ = {
			isa = PBXFrameworksBuildPhase;
			buildActionMask = 2147483647;
			files = (
				D8A3180CD0642D404B6A95EB /* Pods_CoolNaviDemo_Swift.framework in Frameworks */,
			);
			runOnlyForDeploymentPostprocessing = 0;
		};
/* End PBXFrameworksBuildPhase section */

/* Begin PBXGroup section */
		3C5C2BFF1C06AAE700DD1828 = {
			isa = PBXGroup;
			children = (
				3C5C2C0A1C06AAE700DD1828 /* CoolNaviDemo_Swift */,
				3C5C2C091C06AAE700DD1828 /* Products */,
				7734E5C2C7F0A962DD1065E1 /* Frameworks */,
				F6FD9F1E8F0F28557561A5B7 /* Pods */,
			);
			sourceTree = "<group>";
		};
		3C5C2C091C06AAE700DD1828 /* Products */ = {
			isa = PBXGroup;
			children = (
				3C5C2C081C06AAE700DD1828 /* CoolNaviDemo_Swift.app */,
			);
			name = Products;
			sourceTree = "<group>";
		};
		3C5C2C0A1C06AAE700DD1828 /* CoolNaviDemo_Swift */ = {
			isa = PBXGroup;
			children = (
				3C5C2C0B1C06AAE700DD1828 /* AppDelegate.swift */,
				3C5C2C0D1C06AAE700DD1828 /* ViewController.swift */,
				3C5C2C1D1C06AE0700DD1828 /* CoolNavi */,
				3C5C2C121C06AAE700DD1828 /* Assets.xcassets */,
				3C5C2C141C06AAE700DD1828 /* LaunchScreen.storyboard */,
				3C5C2C171C06AAE700DD1828 /* Info.plist */,
			);
			path = CoolNaviDemo_Swift;
			sourceTree = "<group>";
		};
		3C5C2C1D1C06AE0700DD1828 /* CoolNavi */ = {
			isa = PBXGroup;
			children = (
				3C5C2C1E1C06AE2300DD1828 /* CoolNavi.swift */,
			);
			path = CoolNavi;
			sourceTree = "<group>";
		};
		7734E5C2C7F0A962DD1065E1 /* Frameworks */ = {
			isa = PBXGroup;
			children = (
				A530131B1011EF2C1EE0022D /* Pods_CoolNaviDemo_Swift.framework */,
			);
			name = Frameworks;
			sourceTree = "<group>";
		};
		F6FD9F1E8F0F28557561A5B7 /* Pods */ = {
			isa = PBXGroup;
			children = (
				F15733F744387E0EC048FA09 /* Pods-CoolNaviDemo_Swift.debug.xcconfig */,
				CBCACD7088FC35423D753DD2 /* Pods-CoolNaviDemo_Swift.release.xcconfig */,
			);
			name = Pods;
			sourceTree = "<group>";
		};
/* End PBXGroup section */

/* Begin PBXNativeTarget section */
		3C5C2C071C06AAE700DD1828 /* CoolNaviDemo_Swift */ = {
			isa = PBXNativeTarget;
			buildConfigurationList = 3C5C2C1A1C06AAE700DD1828 /* Build configuration list for PBXNativeTarget "CoolNaviDemo_Swift" */;
			buildPhases = (
				68FB98CD12AC72490F929351 /* [CP] Check Pods Manifest.lock */,
				3C5C2C041C06AAE700DD1828 /* Sources */,
				3C5C2C051C06AAE700DD1828 /* Frameworks */,
				3C5C2C061C06AAE700DD1828 /* Resources */,
				CCE875897E34573BB7B1C945 /* [CP] Embed Pods Frameworks */,
				02006D0AE3D5BA33A1D9A75F /* [CP] Copy Pods Resources */,
			);
			buildRules = (
			);
			dependencies = (
			);
			name = CoolNaviDemo_Swift;
			productName = CoolNaviDemo_Swift;
			productReference = 3C5C2C081C06AAE700DD1828 /* CoolNaviDemo_Swift.app */;
			productType = "com.apple.product-type.application";
		};
/* End PBXNativeTarget section */

/* Begin PBXProject section */
		3C5C2C001C06AAE700DD1828 /* Project object */ = {
			isa = PBXProject;
			attributes = {
				LastSwiftUpdateCheck = 0710;
				LastUpgradeCheck = 0810;
				ORGANIZATIONNAME = ian;
				TargetAttributes = {
					3C5C2C071C06AAE700DD1828 = {
						CreatedOnToolsVersion = 7.1;
						LastSwiftMigration = 0810;
					};
				};
			};
			buildConfigurationList = 3C5C2C031C06AAE700DD1828 /* Build configuration list for PBXProject "CoolNaviDemo_Swift" */;
			compatibilityVersion = "Xcode 3.2";
			developmentRegion = English;
			hasScannedForEncodings = 0;
			knownRegions = (
				en,
				Base,
			);
			mainGroup = 3C5C2BFF1C06AAE700DD1828;
			productRefGroup = 3C5C2C091C06AAE700DD1828 /* Products */;
			projectDirPath = "";
			projectRoot = "";
			targets = (
				3C5C2C071C06AAE700DD1828 /* CoolNaviDemo_Swift */,
			);
		};
/* End PBXProject section */

/* Begin PBXResourcesBuildPhase section */
		3C5C2C061C06AAE700DD1828 /* Resources */ = {
			isa = PBXResourcesBuildPhase;
			buildActionMask = 2147483647;
			files = (
				3C5C2C161C06AAE700DD1828 /* LaunchScreen.storyboard in Resources */,
				3C5C2C131C06AAE700DD1828 /* Assets.xcassets in Resources */,
			);
			runOnlyForDeploymentPostprocessing = 0;
		};
/* End PBXResourcesBuildPhase section */

/* Begin PBXShellScriptBuildPhase section */
		02006D0AE3D5BA33A1D9A75F /* [CP] Copy Pods Resources */ = {
			isa = PBXShellScriptBuildPhase;
			buildActionMask = 2147483647;
			files = (
			);
			inputPaths = (
			);
			name = "[CP] Copy Pods Resources";
			outputPaths = (
			);
			runOnlyForDeploymentPostprocessing = 0;
			shellPath = /bin/sh;
			shellScript = "\"${SRCROOT}/Pods/Target Support Files/Pods-CoolNaviDemo_Swift/Pods-CoolNaviDemo_Swift-resources.sh\"\n";
			showEnvVarsInLog = 0;
		};
		68FB98CD12AC72490F929351 /* [CP] Check Pods Manifest.lock */ = {
			isa = PBXShellScriptBuildPhase;
			buildActionMask = 2147483647;
			files = (
			);
			inputPaths = (
			);
			name = "[CP] Check Pods Manifest.lock";
			outputPaths = (
			);
			runOnlyForDeploymentPostprocessing = 0;
			shellPath = /bin/sh;
			shellScript = "diff \"${PODS_ROOT}/../Podfile.lock\" \"${PODS_ROOT}/Manifest.lock\" > /dev/null\nif [ $? != 0 ] ; then\n    # print error to STDERR\n    echo \"error: The sandbox is not in sync with the Podfile.lock. Run 'pod install' or update your CocoaPods installation.\" >&2\n    exit 1\nfi\n";
			showEnvVarsInLog = 0;
		};
		CCE875897E34573BB7B1C945 /* [CP] Embed Pods Frameworks */ = {
			isa = PBXShellScriptBuildPhase;
			buildActionMask = 2147483647;
			files = (
			);
			inputPaths = (
			);
			name = "[CP] Embed Pods Frameworks";
			outputPaths = (
			);
			runOnlyForDeploymentPostprocessing = 0;
			shellPath = /bin/sh;
			shellScript = "\"${SRCROOT}/Pods/Target Support Files/Pods-CoolNaviDemo_Swift/Pods-CoolNaviDemo_Swift-frameworks.sh\"\n";
			showEnvVarsInLog = 0;
		};
/* End PBXShellScriptBuildPhase section */

/* Begin PBXSourcesBuildPhase section */
		3C5C2C041C06AAE700DD1828 /* Sources */ = {
			isa = PBXSourcesBuildPhase;
			buildActionMask = 2147483647;
			files = (
				3C5C2C0E1C06AAE700DD1828 /* ViewController.swift in Sources */,
				3C5C2C0C1C06AAE700DD1828 /* AppDelegate.swift in Sources */,
				3C5C2C1F1C06AE2300DD1828 /* CoolNavi.swift in Sources */,
			);
			runOnlyForDeploymentPostprocessing = 0;
		};
/* End PBXSourcesBuildPhase section */

/* Begin PBXVariantGroup section */
		3C5C2C141C06AAE700DD1828 /* LaunchScreen.storyboard */ = {
			isa = PBXVariantGroup;
			children = (
				3C5C2C151C06AAE700DD1828 /* Base */,
			);
			name = LaunchScreen.storyboard;
			sourceTree = "<group>";
		};
/* End PBXVariantGroup section */

/* Begin XCBuildConfiguration section */
		3C5C2C181C06AAE700DD1828 /* Debug */ = {
			isa = XCBuildConfiguration;
			buildSettings = {
				ALWAYS_SEARCH_USER_PATHS = NO;
				CLANG_CXX_LANGUAGE_STANDARD = "gnu++0x";
				CLANG_CXX_LIBRARY = "libc++";
				CLANG_ENABLE_MODULES = YES;
				CLANG_ENABLE_OBJC_ARC = YES;
				CLANG_WARN_BOOL_CONVERSION = YES;
				CLANG_WARN_CONSTANT_CONVERSION = YES;
				CLANG_WARN_DIRECT_OBJC_ISA_USAGE = YES_ERROR;
				CLANG_WARN_EMPTY_BODY = YES;
				CLANG_WARN_ENUM_CONVERSION = YES;
				CLANG_WARN_INFINITE_RECURSION = YES;
				CLANG_WARN_INT_CONVERSION = YES;
				CLANG_WARN_OBJC_ROOT_CLASS = YES_ERROR;
				CLANG_WARN_SUSPICIOUS_MOVE = YES;
				CLANG_WARN_UNREACHABLE_CODE = YES;
				CLANG_WARN__DUPLICATE_METHOD_MATCH = YES;
				"CODE_SIGN_IDENTITY[sdk=iphoneos*]" = "iPhone Developer";
				COPY_PHASE_STRIP = NO;
				DEBUG_INFORMATION_FORMAT = dwarf;
				ENABLE_STRICT_OBJC_MSGSEND = YES;
				ENABLE_TESTABILITY = YES;
				GCC_C_LANGUAGE_STANDARD = gnu99;
				GCC_DYNAMIC_NO_PIC = NO;
				GCC_NO_COMMON_BLOCKS = YES;
				GCC_OPTIMIZATION_LEVEL = 0;
				GCC_PREPROCESSOR_DEFINITIONS = (
					"DEBUG=1",
					"$(inherited)",
				);
				GCC_WARN_64_TO_32_BIT_CONVERSION = YES;
				GCC_WARN_ABOUT_RETURN_TYPE = YES_ERROR;
				GCC_WARN_UNDECLARED_SELECTOR = YES;
				GCC_WARN_UNINITIALIZED_AUTOS = YES_AGGRESSIVE;
				GCC_WARN_UNUSED_FUNCTION = YES;
				GCC_WARN_UNUSED_VARIABLE = YES;
				IPHONEOS_DEPLOYMENT_TARGET = 9.1;
				MTL_ENABLE_DEBUG_INFO = YES;
				ONLY_ACTIVE_ARCH = YES;
				SDKROOT = iphoneos;
				SWIFT_OPTIMIZATION_LEVEL = "-Onone";
				TARGETED_DEVICE_FAMILY = "1,2";
			};
			name = Debug;
		};
		3C5C2C191C06AAE700DD1828 /* Release */ = {
			isa = XCBuildConfiguration;
			buildSettings = {
				ALWAYS_SEARCH_USER_PATHS = NO;
				CLANG_CXX_LANGUAGE_STANDARD = "gnu++0x";
				CLANG_CXX_LIBRARY = "libc++";
				CLANG_ENABLE_MODULES = YES;
				CLANG_ENABLE_OBJC_ARC = YES;
				CLANG_WARN_BOOL_CONVERSION = YES;
				CLANG_WARN_CONSTANT_CONVERSION = YES;
				CLANG_WARN_DIRECT_OBJC_ISA_USAGE = YES_ERROR;
				CLANG_WARN_EMPTY_BODY = YES;
				CLANG_WARN_ENUM_CONVERSION = YES;
				CLANG_WARN_INFINITE_RECURSION = YES;
				CLANG_WARN_INT_CONVERSION = YES;
				CLANG_WARN_OBJC_ROOT_CLASS = YES_ERROR;
				CLANG_WARN_SUSPICIOUS_MOVE = YES;
				CLANG_WARN_UNREACHABLE_CODE = YES;
				CLANG_WARN__DUPLICATE_METHOD_MATCH = YES;
				"CODE_SIGN_IDENTITY[sdk=iphoneos*]" = "iPhone Developer";
				COPY_PHASE_STRIP = NO;
				DEBUG_INFORMATION_FORMAT = "dwarf-with-dsym";
				ENABLE_NS_ASSERTIONS = NO;
				ENABLE_STRICT_OBJC_MSGSEND = YES;
				GCC_C_LANGUAGE_STANDARD = gnu99;
				GCC_NO_COMMON_BLOCKS = YES;
				GCC_WARN_64_TO_32_BIT_CONVERSION = YES;
				GCC_WARN_ABOUT_RETURN_TYPE = YES_ERROR;
				GCC_WARN_UNDECLARED_SELECTOR = YES;
				GCC_WARN_UNINITIALIZED_AUTOS = YES_AGGRESSIVE;
				GCC_WARN_UNUSED_FUNCTION = YES;
				GCC_WARN_UNUSED_VARIABLE = YES;
				IPHONEOS_DEPLOYMENT_TARGET = 9.1;
				MTL_ENABLE_DEBUG_INFO = NO;
				SDKROOT = iphoneos;
				SWIFT_OPTIMIZATION_LEVEL = "-Owholemodule";
				TARGETED_DEVICE_FAMILY = "1,2";
				VALIDATE_PRODUCT = YES;
			};
			name = Release;
		};
		3C5C2C1B1C06AAE700DD1828 /* Debug */ = {
			isa = XCBuildConfiguration;
			baseConfigurationReference = F15733F744387E0EC048FA09 /* Pods-CoolNaviDemo_Swift.debug.xcconfig */;
			buildSettings = {
				ALWAYS_EMBED_SWIFT_STANDARD_LIBRARIES = YES;
				ASSETCATALOG_COMPILER_APPICON_NAME = AppIcon;
				INFOPLIST_FILE = CoolNaviDemo_Swift/Info.plist;
				IPHONEOS_DEPLOYMENT_TARGET = 8.0;
				LD_RUNPATH_SEARCH_PATHS = "$(inherited) @executable_path/Frameworks";
				PRODUCT_BUNDLE_IDENTIFIER = "com.ianisme.CoolNaviDemo-Swift";
				PRODUCT_NAME = "$(TARGET_NAME)";
				SWIFT_VERSION = 3.0;
			};
			name = Debug;
		};
		3C5C2C1C1C06AAE700DD1828 /* Release */ = {
			isa = XCBuildConfiguration;
			baseConfigurationReference = CBCACD7088FC35423D753DD2 /* Pods-CoolNaviDemo_Swift.release.xcconfig */;
			buildSettings = {
				ALWAYS_EMBED_SWIFT_STANDARD_LIBRARIES = YES;
				ASSETCATALOG_COMPILER_APPICON_NAME = AppIcon;
				INFOPLIST_FILE = CoolNaviDemo_Swift/Info.plist;
				IPHONEOS_DEPLOYMENT_TARGET = 8.0;
				LD_RUNPATH_SEARCH_PATHS = "$(inherited) @executable_path/Frameworks";
				PRODUCT_BUNDLE_IDENTIFIER = "com.ianisme.CoolNaviDemo-Swift";
				PRODUCT_NAME = "$(TARGET_NAME)";
				SWIFT_VERSION = 3.0;
			};
			name = Release;
		};
/* End XCBuildConfiguration section */

/* Begin XCConfigurationList section */
		3C5C2C031C06AAE700DD1828 /* Build configuration list for PBXProject "CoolNaviDemo_Swift" */ = {
			isa = XCConfigurationList;
			buildConfigurations = (
				3C5C2C181C06AAE700DD1828 /* Debug */,
				3C5C2C191C06AAE700DD1828 /* Release */,
			);
			defaultConfigurationIsVisible = 0;
			defaultConfigurationName = Release;
		};
		3C5C2C1A1C06AAE700DD1828 /* Build configuration list for PBXNativeTarget "CoolNaviDemo_Swift" */ = {
			isa = XCConfigurationList;
			buildConfigurations = (
				3C5C2C1B1C06AAE700DD1828 /* Debug */,
				3C5C2C1C1C06AAE700DD1828 /* Release */,
			);
			defaultConfigurationIsVisible = 0;
			defaultConfigurationName = Release;
		};
/* End XCConfigurationList section */
	};
	rootObject = 3C5C2C001C06AAE700DD1828 /* Project object */;
}
